{
  "name": "real-time-chat-app",
  "version": "1.0.0",
  "lockfileVersion": 3,
  "requires": true,
  "packages": {
    "": {
      "name": "real-time-chat-app",
      "version": "1.0.0",
      "license": "ISC",
      "dependencies": {
        "sockets": "^0.4.2"
      }
    },
    "node_modules/sockets": {
      "version": "0.4.2",
      "resolved": "https://registry.npmjs.org/sockets/-/sockets-0.4.2.tgz",
      "integrity": "sha512-x9hziIDq7xPeB5t3Ei2BWSTBpwjZnhyWbEWpYCJbyoIOvB/QW3qgTAyPmU4Mg2zzCdn4WqQiK3cZSF9zUTpWAQ=="
    }
  }
}
